
Microsoft Visual Studio Solution File, Format Version 12.00
# Visual Studio Version 16
VisualStudioVersion = 16.0.31410.357
MinimumVisualStudioVersion = 10.0.40219.1
Project("{9A19103F-16F7-4668-BE54-9A1E7A4F7556}") = "HelperClassGenerator", "HelperClassGenerator\HelperClassGenerator.csproj", "{6B20E8D5-B91E-4C82-BD6C-2E24FFE6C446}"
EndProject
Project("{9A19103F-16F7-4668-BE54-9A1E7A4F7556}") = "HelperClassGeneratorTester", "HelperClassGeneratorTester\HelperClassGeneratorTester.csproj", "{AD470CF0-7CA6-46DF-8C03-CF7EFF7A18BD}"
EndProject
Global
	GlobalSection(SolutionConfigurationPlatforms) = preSolution
		Debug|Any CPU = Debug|Any CPU
		Release|Any CPU = Release|Any CPU
	EndGlobalSection
	GlobalSection(ProjectConfigurationPlatforms) = postSolution
		{6B20E8D5-B91E-4C82-BD6C-2E24FFE6C446}.Debug|Any CPU.ActiveCfg = Debug|Any CPU
		{6B20E8D5-B91E-4C82-BD6C-2E24FFE6C446}.Debug|Any CPU.Build.0 = Debug|Any CPU
		{6B20E8D5-B91E-4C82-BD6C-2E24FFE6C446}.Release|Any CPU.ActiveCfg = Release|Any CPU
		{6B20E8D5-B91E-4C82-BD6C-2E24FFE6C446}.Release|Any CPU.Build.0 = Release|Any CPU
		{AD470CF0-7CA6-46DF-8C03-CF7EFF7A18BD}.Debug|Any CPU.ActiveCfg = Debug|Any CPU
		{AD470CF0-7CA6-46DF-8C03-CF7EFF7A18BD}.Debug|Any CPU.Build.0 = Debug|Any CPU
		{AD470CF0-7CA6-46DF-8C03-CF7EFF7A18BD}.Release|Any CPU.ActiveCfg = Release|Any CPU
		{AD470CF0-7CA6-46DF-8C03-CF7EFF7A18BD}.Release|Any CPU.Build.0 = Release|Any CPU
	EndGlobalSection
	GlobalSection(SolutionProperties) = preSolution
		HideSolutionNode = FALSE
	EndGlobalSection
	GlobalSection(ExtensibilityGlobals) = postSolution
		SolutionGuid = {EA910837-C814-403F-A485-B6E72FD07609}
	EndGlobalSection
EndGlobal
